
Microsoft Visual Studio Solution File, Format Version 12.00
# Visual Studio Version 16
VisualStudioVersion = 16.0.31019.35
MinimumVisualStudioVersion = 10.0.40219.1
Project("{FAE04EC0-301F-11D3-BF4B-00C04F79EFBC}") = "DataAccess", "DataAccess\DataAccess.csproj", "{42DF64B8-D9E0-490E-B53E-5A48579561B2}"
EndProject
Project("{FAE04EC0-301F-11D3-BF4B-00C04F79EFBC}") = "Business", "Business\Business.csproj", "{82AA0808-62B5-4BD5-9C38-3F90B4912F1F}"
EndProject
Project("{FAE04EC0-301F-11D3-BF4B-00C04F79EFBC}") = "Entities", "Entities\Entities.csproj", "{7D839AB9-33A7-43BC-B33B-222B3EB39A07}"
EndProject
Project("{FAE04EC0-301F-11D3-BF4B-00C04F79EFBC}") = "ConsoleUI", "ConsoleUI\ConsoleUI.csproj", "{54F387DA-5906-4F6F-B55F-F3559FF5ED44}"
EndProject
Global
	GlobalSection(SolutionConfigurationPlatforms) = preSolution
		Debug|Any CPU = Debug|Any CPU
		Release|Any CPU = Release|Any CPU
	EndGlobalSection
	GlobalSection(ProjectConfigurationPlatforms) = postSolution
		{42DF64B8-D9E0-490E-B53E-5A48579561B2}.Debug|Any CPU.ActiveCfg = Debug|Any CPU
		{42DF64B8-D9E0-490E-B53E-5A48579561B2}.Debug|Any CPU.Build.0 = Debug|Any CPU
		{42DF64B8-D9E0-490E-B53E-5A48579561B2}.Release|Any CPU.ActiveCfg = Release|Any CPU
		{42DF64B8-D9E0-490E-B53E-5A48579561B2}.Release|Any CPU.Build.0 = Release|Any CPU
		{82AA0808-62B5-4BD5-9C38-3F90B4912F1F}.Debug|Any CPU.ActiveCfg = Debug|Any CPU
		{82AA0808-62B5-4BD5-9C38-3F90B4912F1F}.Debug|Any CPU.Build.0 = Debug|Any CPU
		{82AA0808-62B5-4BD5-9C38-3F90B4912F1F}.Release|Any CPU.ActiveCfg = Release|Any CPU
		{82AA0808-62B5-4BD5-9C38-3F90B4912F1F}.Release|Any CPU.Build.0 = Release|Any CPU
		{7D839AB9-33A7-43BC-B33B-222B3EB39A07}.Debug|Any CPU.ActiveCfg = Debug|Any CPU
		{7D839AB9-33A7-43BC-B33B-222B3EB39A07}.Debug|Any CPU.Build.0 = Debug|Any CPU
		{7D839AB9-33A7-43BC-B33B-222B3EB39A07}.Release|Any CPU.ActiveCfg = Release|Any CPU
		{7D839AB9-33A7-43BC-B33B-222B3EB39A07}.Release|Any CPU.Build.0 = Release|Any CPU
		{54F387DA-5906-4F6F-B55F-F3559FF5ED44}.Debug|Any CPU.ActiveCfg = Debug|Any CPU
		{54F387DA-5906-4F6F-B55F-F3559FF5ED44}.Debug|Any CPU.Build.0 = Debug|Any CPU
		{54F387DA-5906-4F6F-B55F-F3559FF5ED44}.Release|Any CPU.ActiveCfg = Release|Any CPU
		{54F387DA-5906-4F6F-B55F-F3559FF5ED44}.Release|Any CPU.Build.0 = Release|Any CPU
	EndGlobalSection
	GlobalSection(SolutionProperties) = preSolution
		HideSolutionNode = FALSE
	EndGlobalSection
	GlobalSection(ExtensibilityGlobals) = postSolution
		SolutionGuid = {941AEB2D-0994-4E33-A6DE-87A53DAAF72B}
	EndGlobalSection
EndGlobal
